
Microsoft Visual Studio Solution File, Format Version 12.00
# Visual Studio Version 16
VisualStudioVersion = 16.0.31624.102
MinimumVisualStudioVersion = 10.0.40219.1
Project("{FAE04EC0-301F-11D3-BF4B-00C04F79EFBC}") = "WPF - Classes", "WPF - Classes\WPF - Classes.csproj", "{B005BBC2-2D87-42CC-B129-F42296F58C75}"
EndProject
Global
	GlobalSection(SolutionConfigurationPlatforms) = preSolution
		Debug|Any CPU = Debug|Any CPU
		Release|Any CPU = Release|Any CPU
	EndGlobalSection
	GlobalSection(ProjectConfigurationPlatforms) = postSolution
		{B005BBC2-2D87-42CC-B129-F42296F58C75}.Debug|Any CPU.ActiveCfg = Debug|Any CPU
		{B005BBC2-2D87-42CC-B129-F42296F58C75}.Debug|Any CPU.Build.0 = Debug|Any CPU
		{B005BBC2-2D87-42CC-B129-F42296F58C75}.Release|Any CPU.ActiveCfg = Release|Any CPU
		{B005BBC2-2D87-42CC-B129-F42296F58C75}.Release|Any CPU.Build.0 = Release|Any CPU
	EndGlobalSection
	GlobalSection(SolutionProperties) = preSolution
		HideSolutionNode = FALSE
	EndGlobalSection
	GlobalSection(ExtensibilityGlobals) = postSolution
		SolutionGuid = {76AC9850-1AED-48C6-8AA2-DBB90657F7F7}
	EndGlobalSection
EndGlobal
